// !$*UTF8*$!
{
	archiveVersion = 1;
	classes = {
	};
	objectVersion = 46;
	objects = {

/* Begin PBXBuildFile section */
		2BA33999D20BF1DEA206BC25 /* Pods_SCC2017_ios_swift.framework in Frameworks */ = {isa = PBXBuildFile; fileRef = 9831ECD2ADA08F3B0EE355EC /* Pods_SCC2017_ios_swift.framework */; };
		3A3F65181F0661E200F781C9 /* DetailViewController.swift in Sources */ = {isa = PBXBuildFile; fileRef = 3A3F65171F0661E200F781C9 /* DetailViewController.swift */; };
		3A84932C1F012F4500FF4187 /* AppDelegate.swift in Sources */ = {isa = PBXBuildFile; fileRef = 3A84932B1F012F4500FF4187 /* AppDelegate.swift */; };
		3A84932E1F012F4500FF4187 /* ViewController.swift in Sources */ = {isa = PBXBuildFile; fileRef = 3A84932D1F012F4500FF4187 /* ViewController.swift */; };
		3A8493311F012F4500FF4187 /* Main.storyboard in Resources */ = {isa = PBXBuildFile; fileRef = 3A84932F1F012F4500FF4187 /* Main.storyboard */; };
		3A8493331F012F4500FF4187 /* Assets.xcassets in Resources */ = {isa = PBXBuildFile; fileRef = 3A8493321F012F4500FF4187 /* Assets.xcassets */; };
		3A8493361F012F4500FF4187 /* LaunchScreen.storyboard in Resources */ = {isa = PBXBuildFile; fileRef = 3A8493341F012F4500FF4187 /* LaunchScreen.storyboard */; };
/* End PBXBuildFile section */

/* Begin PBXFileReference section */
		3A3F65171F0661E200F781C9 /* DetailViewController.swift */ = {isa = PBXFileReference; fileEncoding = 4; lastKnownFileType = sourcecode.swift; path = DetailViewController.swift; sourceTree = "<group>"; };
		3A8493281F012F4500FF4187 /* SCC2017_ios_swift.app */ = {isa = PBXFileReference; explicitFileType = wrapper.application; includeInIndex = 0; path = SCC2017_ios_swift.app; sourceTree = BUILT_PRODUCTS_DIR; };
		3A84932B1F012F4500FF4187 /* AppDelegate.swift */ = {isa = PBXFileReference; lastKnownFileType = sourcecode.swift; path = AppDelegate.swift; sourceTree = "<group>"; };
		3A84932D1F012F4500FF4187 /* ViewController.swift */ = {isa = PBXFileReference; lastKnownFileType = sourcecode.swift; path = ViewController.swift; sourceTree = "<group>"; };
		3A8493301F012F4500FF4187 /* Base */ = {isa = PBXFileReference; lastKnownFileType = file.storyboard; name = Base; path = Base.lproj/Main.storyboard; sourceTree = "<group>"; };
		3A8493321F012F4500FF4187 /* Assets.xcassets */ = {isa = PBXFileReference; lastKnownFileType = folder.assetcatalog; path = Assets.xcassets; sourceTree = "<group>"; };
		3A8493351F012F4500FF4187 /* Base */ = {isa = PBXFileReference; lastKnownFileType = file.storyboard; name = Base; path = Base.lproj/LaunchScreen.storyboard; sourceTree = "<group>"; };
		3A8493371F012F4500FF4187 /* Info.plist */ = {isa = PBXFileReference; lastKnownFileType = text.plist.xml; path = Info.plist; sourceTree = "<group>"; };
		4952E6D0069AE22232E663E0 /* Pods-SCC2017_ios_swift.debug.xcconfig */ = {isa = PBXFileReference; includeInIndex = 1; lastKnownFileType = text.xcconfig; name = "Pods-SCC2017_ios_swift.debug.xcconfig"; path = "Pods/Target Support Files/Pods-SCC2017_ios_swift/Pods-SCC2017_ios_swift.debug.xcconfig"; sourceTree = "<group>"; };
		9831ECD2ADA08F3B0EE355EC /* Pods_SCC2017_ios_swift.framework */ = {isa = PBXFileReference; explicitFileType = wrapper.framework; includeInIndex = 0; path = Pods_SCC2017_ios_swift.framework; sourceTree = BUILT_PRODUCTS_DIR; };
		AEA6C6395A58481EFDF817D1 /* Pods-SCC2017_ios_swift.release.xcconfig */ = {isa = PBXFileReference; includeInIndex = 1; lastKnownFileType = text.xcconfig; name = "Pods-SCC2017_ios_swift.release.xcconfig"; path = "Pods/Target Support Files/Pods-SCC2017_ios_swift/Pods-SCC2017_ios_swift.release.xcconfig"; sourceTree = "<group>"; };
/* End PBXFileReference section */

/* Begin PBXFrameworksBuildPhase section */
		3A8493251F012F4500FF4187 /* Frameworks */ = {
			isa = PBXFrameworksBuildPhase;
			buildActionMask = 2147483647;
			files = (
				2BA33999D20BF1DEA206BC25 /* Pods_SCC2017_ios_swift.framework in Frameworks */,
			);
			runOnlyForDeploymentPostprocessing = 0;
		};
/* End PBXFrameworksBuildPhase section */

/* Begin PBXGroup section */
		1CC3E2A11425D5E0CC2CF2DF /* Frameworks */ = {
			isa = PBXGroup;
			children = (
				9831ECD2ADA08F3B0EE355EC /* Pods_SCC2017_ios_swift.framework */,
			);
			name = Frameworks;
			sourceTree = "<group>";
		};
		274B60A04C7283EC8CED6BE7 /* Pods */ = {
			isa = PBXGroup;
			children = (
				4952E6D0069AE22232E663E0 /* Pods-SCC2017_ios_swift.debug.xcconfig */,
				AEA6C6395A58481EFDF817D1 /* Pods-SCC2017_ios_swift.release.xcconfig */,
			);
			name = Pods;
			sourceTree = "<group>";
		};
		3A84931F1F012F4500FF4187 = {
			isa = PBXGroup;
			children = (
				3A84932A1F012F4500FF4187 /* SCC2017_ios_swift */,
				3A8493291F012F4500FF4187 /* Products */,
				274B60A04C7283EC8CED6BE7 /* Pods */,
				1CC3E2A11425D5E0CC2CF2DF /* Frameworks */,
			);
			sourceTree = "<group>";
		};
		3A8493291F012F4500FF4187 /* Products */ = {
			isa = PBXGroup;
			children = (
				3A8493281F012F4500FF4187 /* SCC2017_ios_swift.app */,
			);
			name = Products;
			sourceTree = "<group>";
		};
		3A84932A1F012F4500FF4187 /* SCC2017_ios_swift */ = {
			isa = PBXGroup;
			children = (
				3A84932B1F012F4500FF4187 /* AppDelegate.swift */,
				3A84932D1F012F4500FF4187 /* ViewController.swift */,
				3A3F65171F0661E200F781C9 /* DetailViewController.swift */,
				3A84932F1F012F4500FF4187 /* Main.storyboard */,
				3A8493321F012F4500FF4187 /* Assets.xcassets */,
				3A8493341F012F4500FF4187 /* LaunchScreen.storyboard */,
				3A8493371F012F4500FF4187 /* Info.plist */,
			);
			path = SCC2017_ios_swift;
			sourceTree = "<group>";
		};
/* End PBXGroup section */

/* Begin PBXNativeTarget section */
		3A8493271F012F4500FF4187 /* SCC2017_ios_swift */ = {
			isa = PBXNativeTarget;
			buildConfigurationList = 3A84933A1F012F4500FF4187 /* Build configuration list for PBXNativeTarget "SCC2017_ios_swift" */;
			buildPhases = (
				A958B8CBBFA56FB628F325F8 /* [CP] Check Pods Manifest.lock */,
				3A8493241F012F4500FF4187 /* Sources */,
				3A8493251F012F4500FF4187 /* Frameworks */,
				3A8493261F012F4500FF4187 /* Resources */,
				FA3E047E8605D6722C99CAC2 /* [CP] Embed Pods Frameworks */,
				69D103017588EA8C715FCA30 /* [CP] Copy Pods Resources */,
			);
			buildRules = (
			);
			dependencies = (
			);
			name = SCC2017_ios_swift;
			productName = SCC2017_ios_swift;
			productReference = 3A8493281F012F4500FF4187 /* SCC2017_ios_swift.app */;
			productType = "com.apple.product-type.application";
		};
/* End PBXNativeTarget section */

/* Begin PBXProject section */
		3A8493201F012F4500FF4187 /* Project object */ = {
			isa = PBXProject;
			attributes = {
				LastSwiftUpdateCheck = 0830;
				LastUpgradeCheck = 0830;
				ORGANIZATIONNAME = "Kiroru Inc.";
				TargetAttributes = {
					3A8493271F012F4500FF4187 = {
						CreatedOnToolsVersion = 8.3.3;
						ProvisioningStyle = Automatic;
					};
				};
			};
			buildConfigurationList = 3A8493231F012F4500FF4187 /* Build configuration list for PBXProject "SCC2017_ios_swift" */;
			compatibilityVersion = "Xcode 3.2";
			developmentRegion = English;
			hasScannedForEncodings = 0;
			knownRegions = (
				en,
				Base,
			);
			mainGroup = 3A84931F1F012F4500FF4187;
			productRefGroup = 3A8493291F012F4500FF4187 /* Products */;
			projectDirPath = "";
			projectRoot = "";
			targets = (
				3A8493271F012F4500FF4187 /* SCC2017_ios_swift */,
			);
		};
/* End PBXProject section */

/* Begin PBXResourcesBuildPhase section */
		3A8493261F012F4500FF4187 /* Resources */ = {
			isa = PBXResourcesBuildPhase;
			buildActionMask = 2147483647;
			files = (
				3A8493361F012F4500FF4187 /* LaunchScreen.storyboard in Resources */,
				3A8493331F012F4500FF4187 /* Assets.xcassets in Resources */,
				3A8493311F012F4500FF4187 /* Main.storyboard in Resources */,
			);
			runOnlyForDeploymentPostprocessing = 0;
		};
/* End PBXResourcesBuildPhase section */

/* Begin PBXShellScriptBuildPhase section */
		69D103017588EA8C715FCA30 /* [CP] Copy Pods Resources */ = {
			isa = PBXShellScriptBuildPhase;
			buildActionMask = 2147483647;
			files = (
			);
			inputPaths = (
			);
			name = "[CP] Copy Pods Resources";
			outputPaths = (
			);
			runOnlyForDeploymentPostprocessing = 0;
			shellPath = /bin/sh;
			shellScript = "\"${SRCROOT}/Pods/Target Support Files/Pods-SCC2017_ios_swift/Pods-SCC2017_ios_swift-resources.sh\"\n";
			showEnvVarsInLog = 0;
		};
		A958B8CBBFA56FB628F325F8 /* [CP] Check Pods Manifest.lock */ = {
			isa = PBXShellScriptBuildPhase;
			buildActionMask = 2147483647;
			files = (
			);
			inputPaths = (
			);
			name = "[CP] Check Pods Manifest.lock";
			outputPaths = (
			);
			runOnlyForDeploymentPostprocessing = 0;
			shellPath = /bin/sh;
			shellScript = "diff \"${PODS_PODFILE_DIR_PATH}/Podfile.lock\" \"${PODS_ROOT}/Manifest.lock\" > /dev/null\nif [ $? != 0 ] ; then\n    # print error to STDERR\n    echo \"error: The sandbox is not in sync with the Podfile.lock. Run 'pod install' or update your CocoaPods installation.\" >&2\n    exit 1\nfi\n";
			showEnvVarsInLog = 0;
		};
		FA3E047E8605D6722C99CAC2 /* [CP] Embed Pods Frameworks */ = {
			isa = PBXShellScriptBuildPhase;
			buildActionMask = 2147483647;
			files = (
			);
			inputPaths = (
			);
			name = "[CP] Embed Pods Frameworks";
			outputPaths = (
			);
			runOnlyForDeploymentPostprocessing = 0;
			shellPath = /bin/sh;
			shellScript = "\"${SRCROOT}/Pods/Target Support Files/Pods-SCC2017_ios_swift/Pods-SCC2017_ios_swift-frameworks.sh\"\n";
			showEnvVarsInLog = 0;
		};
/* End PBXShellScriptBuildPhase section */

/* Begin PBXSourcesBuildPhase section */
		3A8493241F012F4500FF4187 /* Sources */ = {
			isa = PBXSourcesBuildPhase;
			buildActionMask = 2147483647;
			files = (
				3A3F65181F0661E200F781C9 /* DetailViewController.swift in Sources */,
				3A84932E1F012F4500FF4187 /* ViewController.swift in Sources */,
				3A84932C1F012F4500FF4187 /* AppDelegate.swift in Sources */,
			);
			runOnlyForDeploymentPostprocessing = 0;
		};
/* End PBXSourcesBuildPhase section */

/* Begin PBXVariantGroup section */
		3A84932F1F012F4500FF4187 /* Main.storyboard */ = {
			isa = PBXVariantGroup;
			children = (
				3A8493301F012F4500FF4187 /* Base */,
			);
			name = Main.storyboard;
			sourceTree = "<group>";
		};
		3A8493341F012F4500FF4187 /* LaunchScreen.storyboard */ = {
			isa = PBXVariantGroup;
			children = (
				3A8493351F012F4500FF4187 /* Base */,
			);
			name = LaunchScreen.storyboard;
			sourceTree = "<group>";
		};
/* End PBXVariantGroup section */

/* Begin XCBuildConfiguration section */
		3A8493381F012F4500FF4187 /* Debug */ = {
			isa = XCBuildConfiguration;
			buildSettings = {
				ALWAYS_SEARCH_USER_PATHS = NO;
				CLANG_ANALYZER_NONNULL = YES;
				CLANG_ANALYZER_NUMBER_OBJECT_CONVERSION = YES_AGGRESSIVE;
				CLANG_CXX_LANGUAGE_STANDARD = "gnu++0x";
				CLANG_CXX_LIBRARY = "libc++";
				CLANG_ENABLE_MODULES = YES;
				CLANG_ENABLE_OBJC_ARC = YES;
				CLANG_WARN_BOOL_CONVERSION = YES;
				CLANG_WARN_CONSTANT_CONVERSION = YES;
				CLANG_WARN_DIRECT_OBJC_ISA_USAGE = YES_ERROR;
				CLANG_WARN_DOCUMENTATION_COMMENTS = YES;
				CLANG_WARN_EMPTY_BODY = YES;
				CLANG_WARN_ENUM_CONVERSION = YES;
				CLANG_WARN_INFINITE_RECURSION = YES;
				CLANG_WARN_INT_CONVERSION = YES;
				CLANG_WARN_OBJC_ROOT_CLASS = YES_ERROR;
				CLANG_WARN_SUSPICIOUS_MOVE = YES;
				CLANG_WARN_UNREACHABLE_CODE = YES;
				CLANG_WARN__DUPLICATE_METHOD_MATCH = YES;
				"CODE_SIGN_IDENTITY[sdk=iphoneos*]" = "iPhone Developer";
				COPY_PHASE_STRIP = NO;
				DEBUG_INFORMATION_FORMAT = dwarf;
				ENABLE_STRICT_OBJC_MSGSEND = YES;
				ENABLE_TESTABILITY = YES;
				GCC_C_LANGUAGE_STANDARD = gnu99;
				GCC_DYNAMIC_NO_PIC = NO;
				GCC_NO_COMMON_BLOCKS = YES;
				GCC_OPTIMIZATION_LEVEL = 0;
				GCC_PREPROCESSOR_DEFINITIONS = (
					"DEBUG=1",
					"$(inherited)",
				);
				GCC_WARN_64_TO_32_BIT_CONVERSION = YES;
				GCC_WARN_ABOUT_RETURN_TYPE = YES_ERROR;
				GCC_WARN_UNDECLARED_SELECTOR = YES;
				GCC_WARN_UNINITIALIZED_AUTOS = YES_AGGRESSIVE;
				GCC_WARN_UNUSED_FUNCTION = YES;
				GCC_WARN_UNUSED_VARIABLE = YES;
				IPHONEOS_DEPLOYMENT_TARGET = 10.3;
				MTL_ENABLE_DEBUG_INFO = YES;
				ONLY_ACTIVE_ARCH = YES;
				SDKROOT = iphoneos;
				SWIFT_ACTIVE_COMPILATION_CONDITIONS = DEBUG;
				SWIFT_OPTIMIZATION_LEVEL = "-Onone";
			};
			name = Debug;
		};
		3A8493391F012F4500FF4187 /* Release */ = {
			isa = XCBuildConfiguration;
			buildSettings = {
				ALWAYS_SEARCH_USER_PATHS = NO;
				CLANG_ANALYZER_NONNULL = YES;
				CLANG_ANALYZER_NUMBER_OBJECT_CONVERSION = YES_AGGRESSIVE;
				CLANG_CXX_LANGUAGE_STANDARD = "gnu++0x";
				CLANG_CXX_LIBRARY = "libc++";
				CLANG_ENABLE_MODULES = YES;
				CLANG_ENABLE_OBJC_ARC = YES;
				CLANG_WARN_BOOL_CONVERSION = YES;
				CLANG_WARN_CONSTANT_CONVERSION = YES;
				CLANG_WARN_DIRECT_OBJC_ISA_USAGE = YES_ERROR;
				CLANG_WARN_DOCUMENTATION_COMMENTS = YES;
				CLANG_WARN_EMPTY_BODY = YES;
				CLANG_WARN_ENUM_CONVERSION = YES;
				CLANG_WARN_INFINITE_RECURSION = YES;
				CLANG_WARN_INT_CONVERSION = YES;
				CLANG_WARN_OBJC_ROOT_CLASS = YES_ERROR;
				CLANG_WARN_SUSPICIOUS_MOVE = YES;
				CLANG_WARN_UNREACHABLE_CODE = YES;
				CLANG_WARN__DUPLICATE_METHOD_MATCH = YES;
				"CODE_SIGN_IDENTITY[sdk=iphoneos*]" = "iPhone Developer";
				COPY_PHASE_STRIP = NO;
				DEBUG_INFORMATION_FORMAT = "dwarf-with-dsym";
				ENABLE_NS_ASSERTIONS = NO;
				ENABLE_STRICT_OBJC_MSGSEND = YES;
				GCC_C_LANGUAGE_STANDARD = gnu99;
				GCC_NO_COMMON_BLOCKS = YES;
				GCC_WARN_64_TO_32_BIT_CONVERSION = YES;
				GCC_WARN_ABOUT_RETURN_TYPE = YES_ERROR;
				GCC_WARN_UNDECLARED_SELECTOR = YES;
				GCC_WARN_UNINITIALIZED_AUTOS = YES_AGGRESSIVE;
				GCC_WARN_UNUSED_FUNCTION = YES;
				GCC_WARN_UNUSED_VARIABLE = YES;
				IPHONEOS_DEPLOYMENT_TARGET = 10.3;
				MTL_ENABLE_DEBUG_INFO = NO;
				SDKROOT = iphoneos;
				SWIFT_OPTIMIZATION_LEVEL = "-Owholemodule";
				VALIDATE_PRODUCT = YES;
			};
			name = Release;
		};
		3A84933B1F012F4500FF4187 /* Debug */ = {
			isa = XCBuildConfiguration;
			baseConfigurationReference = 4952E6D0069AE22232E663E0 /* Pods-SCC2017_ios_swift.debug.xcconfig */;
			buildSettings = {
				ASSETCATALOG_COMPILER_APPICON_NAME = AppIcon;
				INFOPLIST_FILE = SCC2017_ios_swift/Info.plist;
				LD_RUNPATH_SEARCH_PATHS = "$(inherited) @executable_path/Frameworks";
				PRODUCT_BUNDLE_IDENTIFIER = "Kiroru.SCC2017-ios-swift";
				PRODUCT_NAME = "$(TARGET_NAME)";
				SWIFT_VERSION = 3.0;
			};
			name = Debug;
		};
		3A84933C1F012F4500FF4187 /* Release */ = {
			isa = XCBuildConfiguration;
			baseConfigurationReference = AEA6C6395A58481EFDF817D1 /* Pods-SCC2017_ios_swift.release.xcconfig */;
			buildSettings = {
				ASSETCATALOG_COMPILER_APPICON_NAME = AppIcon;
				INFOPLIST_FILE = SCC2017_ios_swift/Info.plist;
				LD_RUNPATH_SEARCH_PATHS = "$(inherited) @executable_path/Frameworks";
				PRODUCT_BUNDLE_IDENTIFIER = "Kiroru.SCC2017-ios-swift";
				PRODUCT_NAME = "$(TARGET_NAME)";
				SWIFT_VERSION = 3.0;
			};
			name = Release;
		};
/* End XCBuildConfiguration section */

/* Begin XCConfigurationList section */
		3A8493231F012F4500FF4187 /* Build configuration list for PBXProject "SCC2017_ios_swift" */ = {
			isa = XCConfigurationList;
			buildConfigurations = (
				3A8493381F012F4500FF4187 /* Debug */,
				3A8493391F012F4500FF4187 /* Release */,
			);
			defaultConfigurationIsVisible = 0;
			defaultConfigurationName = Release;
		};
		3A84933A1F012F4500FF4187 /* Build configuration list for PBXNativeTarget "SCC2017_ios_swift" */ = {
			isa = XCConfigurationList;
			buildConfigurations = (
				3A84933B1F012F4500FF4187 /* Debug */,
				3A84933C1F012F4500FF4187 /* Release */,
			);
			defaultConfigurationIsVisible = 0;
			defaultConfigurationName = Release;
		};
/* End XCConfigurationList section */
	};
	rootObject = 3A8493201F012F4500FF4187 /* Project object */;
}
